
Microsoft Visual Studio Solution File, Format Version 12.00
# Visual Studio Version 16
VisualStudioVersion = 16.0.32428.217
MinimumVisualStudioVersion = 10.0.40219.1
Project("{8BC9CEB8-8B4A-11D0-8D11-00A0C91BC942}") = "stockCalculator", "stockCalculator.vcxproj", "{C3E29E80-12AE-4B11-9682-3D0ECE7E1D19}"
EndProject
Global
	GlobalSection(SolutionConfigurationPlatforms) = preSolution
		Debug|x64 = Debug|x64
		Debug|x86 = Debug|x86
		Release|x64 = Release|x64
		Release|x86 = Release|x86
	EndGlobalSection
	GlobalSection(ProjectConfigurationPlatforms) = postSolution
		{C3E29E80-12AE-4B11-9682-3D0ECE7E1D19}.Debug|x64.ActiveCfg = Debug|x64
		{C3E29E80-12AE-4B11-9682-3D0ECE7E1D19}.Debug|x64.Build.0 = Debug|x64
		{C3E29E80-12AE-4B11-9682-3D0ECE7E1D19}.Debug|x86.ActiveCfg = Debug|Win32
		{C3E29E80-12AE-4B11-9682-3D0ECE7E1D19}.Debug|x86.Build.0 = Debug|Win32
		{C3E29E80-12AE-4B11-9682-3D0ECE7E1D19}.Release|x64.ActiveCfg = Release|x64
		{C3E29E80-12AE-4B11-9682-3D0ECE7E1D19}.Release|x64.Build.0 = Release|x64
		{C3E29E80-12AE-4B11-9682-3D0ECE7E1D19}.Release|x86.ActiveCfg = Release|Win32
		{C3E29E80-12AE-4B11-9682-3D0ECE7E1D19}.Release|x86.Build.0 = Release|Win32
	EndGlobalSection
	GlobalSection(SolutionProperties) = preSolution
		HideSolutionNode = FALSE
	EndGlobalSection
	GlobalSection(ExtensibilityGlobals) = postSolution
		SolutionGuid = {B35A594D-40B7-49EA-95D7-482C0FDEFE28}
	EndGlobalSection
EndGlobal
